{
    "version": 3,
    "terraform_version": "0.11.13",
    "serial": 11,
    "lineage": "a3307191-4651-bfea-1feb-4a9bf5ca9268",
    "modules": [
        {
            "path": [
                "root"
            ],
            "outputs": {},
            "resources": {
                "alicloud_security_group.default": {
                    "type": "alicloud_security_group",
                    "depends_on": [
                        "alicloud_vpc.vpc"
                    ],
                    "primary": {
                        "id": "sg-uf6fzbxlqr5p31e6sh2h",
                        "attributes": {
                            "description": "",
                            "id": "sg-uf6fzbxlqr5p31e6sh2h",
                            "inner_access": "true",
                            "name": "sg-betway-alipay",
                            "vpc_id": "vpc-uf6xsphywk6lhnhigsqzv"
                        },
                        "meta": {},
                        "tainted": false
                    },
                    "deposed": [],
                    "provider": "provider.alicloud"
                },
                "alicloud_security_group_rule.allow_all_from_zabbix": {
                    "type": "alicloud_security_group_rule",
                    "depends_on": [
                        "alicloud_security_group.default"
                    ],
                    "primary": {
                        "id": "sg-uf6fzbxlqr5p31e6sh2h:ingress:tcp:10050/10051:intranet:0.0.0.0/0:accept:1",
                        "attributes": {
                            "cidr_ip": "0.0.0.0/0",
                            "id": "sg-uf6fzbxlqr5p31e6sh2h:ingress:tcp:10050/10051:intranet:0.0.0.0/0:accept:1",
                            "ip_protocol": "tcp",
                            "nic_type": "intranet",
                            "policy": "accept",
                            "port_range": "10050/10051",
                            "priority": "1",
                            "security_group_id": "sg-uf6fzbxlqr5p31e6sh2h",
                            "source_group_owner_account": "",
                            "source_security_group_id": "",
                            "type": "ingress"
                        },
                        "meta": {},
                        "tainted": false
                    },
                    "deposed": [],
                    "provider": "provider.alicloud"
                },
                "alicloud_security_group_rule.allow_all_tcp_from_office": {
                    "type": "alicloud_security_group_rule",
                    "depends_on": [
                        "alicloud_security_group.default"
                    ],
                    "primary": {
                        "id": "sg-uf6fzbxlqr5p31e6sh2h:ingress:tcp:1/65535:intranet:202.39.9.79/32:accept:1",
                        "attributes": {
                            "cidr_ip": "202.39.9.79/32",
                            "id": "sg-uf6fzbxlqr5p31e6sh2h:ingress:tcp:1/65535:intranet:202.39.9.79/32:accept:1",
                            "ip_protocol": "tcp",
                            "nic_type": "intranet",
                            "policy": "accept",
                            "port_range": "1/65535",
                            "priority": "1",
                            "security_group_id": "sg-uf6fzbxlqr5p31e6sh2h",
                            "source_group_owner_account": "",
                            "source_security_group_id": "",
                            "type": "ingress"
                        },
                        "meta": {},
                        "tainted": false
                    },
                    "deposed": [],
                    "provider": "provider.alicloud"
                },
                "alicloud_vpc.vpc": {
                    "type": "alicloud_vpc",
                    "depends_on": [],
                    "primary": {
                        "id": "vpc-uf6xsphywk6lhnhigsqzv",
                        "attributes": {
                            "cidr_block": "10.14.0.0/16",
                            "description": "",
                            "id": "vpc-uf6xsphywk6lhnhigsqzv",
                            "name": "betway-alipay",
                            "resource_group_id": "rg-acfmvzs6kfmba7a",
                            "route_table_id": "vtb-uf6oe9unn9bxmuavejs8d",
                            "router_id": "vrt-uf6bidaaw9afetx0p2kz0",
                            "router_table_id": "vtb-uf6oe9unn9bxmuavejs8d"
                        },
                        "meta": {},
                        "tainted": false
                    },
                    "deposed": [],
                    "provider": "provider.alicloud"
                },
                "alicloud_vswitch.vsw": {
                    "type": "alicloud_vswitch",
                    "depends_on": [
                        "alicloud_vpc.vpc"
                    ],
                    "primary": {
                        "id": "vsw-uf6szuflfma85ufqu907p",
                        "attributes": {
                            "availability_zone": "cn-shanghai-c",
                            "cidr_block": "10.14.0.0/24",
                            "description": "",
                            "id": "vsw-uf6szuflfma85ufqu907p",
                            "name": "",
                            "vpc_id": "vpc-uf6xsphywk6lhnhigsqzv"
                        },
                        "meta": {},
                        "tainted": false
                    },
                    "deposed": [],
                    "provider": "provider.alicloud"
                }
            },
            "depends_on": []
        },
        {
            "path": [
                "root",
                "tf-instances"
            ],
            "outputs": {
                "disk_ids": {
                    "sensitive": false,
                    "type": "string",
                    "value": "d-uf6e2xlyvr7gzjidysnl"
                },
                "instance_ids": {
                    "sensitive": false,
                    "type": "string",
                    "value": "i-uf6apa66r2qxh1w66w9x,i-uf6ip0k218fypounfaxp"
                }
            },
            "resources": {
                "alicloud_disk.disks": {
                    "type": "alicloud_disk",
                    "depends_on": [
                        "data.alicloud_zones.default"
                    ],
                    "primary": {
                        "id": "d-uf6e2xlyvr7gzjidysnl",
                        "attributes": {
                            "availability_zone": "cn-shanghai-c",
                            "category": "cloud_ssd",
                            "description": "",
                            "encrypted": "false",
                            "id": "d-uf6e2xlyvr7gzjidysnl",
                            "name": "my_module_disk",
                            "size": "100",
                            "snapshot_id": "",
                            "status": "Available",
                            "tags.%": "2",
                            "tags.created_by": "Terraform",
                            "tags.created_from": "module-tf-alicloud-ecs-instance"
                        },
                        "meta": {},
                        "tainted": false
                    },
                    "deposed": [],
                    "provider": "provider.alicloud"
                },
                "alicloud_disk_attachment.disk_attach": {
                    "type": "alicloud_disk_attachment",
                    "depends_on": [
                        "alicloud_disk.disks.*",
                        "alicloud_instance.instances.*"
                    ],
                    "primary": {
                        "id": "d-uf6e2xlyvr7gzjidysnl:i-uf6apa66r2qxh1w66w9x",
                        "attributes": {
                            "device_name": "/dev/vdb",
                            "disk_id": "d-uf6e2xlyvr7gzjidysnl",
                            "id": "d-uf6e2xlyvr7gzjidysnl:i-uf6apa66r2qxh1w66w9x",
                            "instance_id": "i-uf6apa66r2qxh1w66w9x"
                        },
                        "meta": {},
                        "tainted": false
                    },
                    "deposed": [],
                    "provider": "provider.alicloud"
                },
                "alicloud_instance.instances.0": {
                    "type": "alicloud_instance",
                    "depends_on": [
                        "data.alicloud_images.default",
                        "data.alicloud_instance_types.default",
                        "data.alicloud_zones.default"
                    ],
                    "primary": {
                        "id": "i-uf6apa66r2qxh1w66w9x",
                        "attributes": {
                            "availability_zone": "cn-shanghai-c",
                            "deletion_protection": "false",
                            "description": "",
                            "host_name": "betway-alipay-logstash-01",
                            "id": "i-uf6apa66r2qxh1w66w9x",
                            "image_id": "m-uf6b1y67msdaa8txvsyi",
                            "instance_charge_type": "PostPaid",
                            "instance_name": "betway-alipay-logstash-01",
                            "instance_type": "ecs.n4.xlarge",
                            "internet_charge_type": "PayByTraffic",
                            "internet_max_bandwidth_in": "800",
                            "internet_max_bandwidth_out": "10",
                            "key_name": "",
                            "password": "!QAZ2wsx#EDC",
                            "private_ip": "10.14.0.22",
                            "public_ip": "106.14.200.61",
                            "security_groups.#": "1",
                            "security_groups.2980858306": "sg-uf6fzbxlqr5p31e6sh2h",
                            "spot_price_limit": "0",
                            "spot_strategy": "NoSpot",
                            "status": "Running",
                            "subnet_id": "vsw-uf6szuflfma85ufqu907p",
                            "system_disk_category": "cloud_efficiency",
                            "system_disk_size": "40",
                            "tags.%": "2",
                            "tags.created_by": "Terraform",
                            "tags.created_from": "module-tf-alicloud-ecs-instance",
                            "volume_tags.%": "0",
                            "vswitch_id": "vsw-uf6szuflfma85ufqu907p"
                        },
                        "meta": {
                            "e2bfb730-ecaa-11e6-8f88-34363bc7c4c0": {
                                "create": 600000000000,
                                "delete": 1200000000000,
                                "update": 600000000000
                            }
                        },
                        "tainted": false
                    },
                    "deposed": [],
                    "provider": "provider.alicloud"
                },
                "alicloud_instance.instances.1": {
                    "type": "alicloud_instance",
                    "depends_on": [
                        "data.alicloud_images.default",
                        "data.alicloud_instance_types.default",
                        "data.alicloud_zones.default"
                    ],
                    "primary": {
                        "id": "i-uf6ip0k218fypounfaxp",
                        "attributes": {
                            "availability_zone": "cn-shanghai-c",
                            "deletion_protection": "false",
                            "description": "",
                            "host_name": "betway-alipay-logstash-02",
                            "id": "i-uf6ip0k218fypounfaxp",
                            "image_id": "m-uf6b1y67msdaa8txvsyi",
                            "instance_charge_type": "PostPaid",
                            "instance_name": "betway-alipay-logstash-02",
                            "instance_type": "ecs.n4.xlarge",
                            "internet_charge_type": "PayByTraffic",
                            "internet_max_bandwidth_in": "800",
                            "internet_max_bandwidth_out": "10",
                            "key_name": "",
                            "password": "!QAZ2wsx#EDC",
                            "private_ip": "10.14.0.21",
                            "public_ip": "139.224.115.1",
                            "security_groups.#": "1",
                            "security_groups.2980858306": "sg-uf6fzbxlqr5p31e6sh2h",
                            "spot_price_limit": "0",
                            "spot_strategy": "NoSpot",
                            "status": "Running",
                            "subnet_id": "vsw-uf6szuflfma85ufqu907p",
                            "system_disk_category": "cloud_efficiency",
                            "system_disk_size": "40",
                            "tags.%": "2",
                            "tags.created_by": "Terraform",
                            "tags.created_from": "module-tf-alicloud-ecs-instance",
                            "volume_tags.%": "0",
                            "vswitch_id": "vsw-uf6szuflfma85ufqu907p"
                        },
                        "meta": {
                            "e2bfb730-ecaa-11e6-8f88-34363bc7c4c0": {
                                "create": 600000000000,
                                "delete": 1200000000000,
                                "update": 600000000000
                            }
                        },
                        "tainted": false
                    },
                    "deposed": [],
                    "provider": "provider.alicloud"
                },
                "data.alicloud_images.default": {
                    "type": "alicloud_images",
                    "depends_on": [],
                    "primary": {
                        "id": "3536887862",
                        "attributes": {
                            "id": "3536887862",
                            "ids.#": "1",
                            "ids.0": "ubuntu_14_0405_64_20G_alibase_20170824.vhd",
                            "images.#": "1",
                            "images.0.architecture": "x86_64",
                            "images.0.creation_time": "2017-08-28T03:27:43Z",
                            "images.0.description": "",
                            "images.0.disk_device_mappings.#": "0",
                            "images.0.id": "ubuntu_14_0405_64_20G_alibase_20170824.vhd",
                            "images.0.image_id": "ubuntu_14_0405_64_20G_alibase_20170824.vhd",
                            "images.0.image_owner_alias": "system",
                            "images.0.image_version": "",
                            "images.0.is_copied": "false",
                            "images.0.is_self_shared": "",
                            "images.0.is_subscribed": "false",
                            "images.0.is_support_io_optimized": "true",
                            "images.0.name": "ubuntu_14_0405_64_20G_alibase_20170824.vhd",
                            "images.0.os_name": "Ubuntu  14.04 64位",
                            "images.0.os_type": "linux",
                            "images.0.platform": "Ubuntu",
                            "images.0.product_code": "",
                            "images.0.progress": "100%",
                            "images.0.size": "20",
                            "images.0.state": "Available",
                            "images.0.status": "Available",
                            "images.0.tags.%": "0",
                            "images.0.usage": "instance",
                            "most_recent": "true",
                            "name_regex": "^ubuntu_14.*_64",
                            "owners": "system"
                        },
                        "meta": {},
                        "tainted": false
                    },
                    "deposed": [],
                    "provider": "provider.alicloud"
                },
                "data.alicloud_instance_types.default": {
                    "type": "alicloud_instance_types",
                    "depends_on": [],
                    "primary": {
                        "id": "3140398720",
                        "attributes": {
                            "cpu_core_count": "1",
                            "id": "3140398720",
                            "ids.#": "3",
                            "ids.0": "ecs.n1.small",
                            "ids.1": "ecs.n4.small",
                            "ids.2": "ecs.t5-lc1m2.small",
                            "instance_charge_type": "PostPaid",
                            "instance_types.#": "3",
                            "instance_types.0.availability_zones.#": "3",
                            "instance_types.0.availability_zones.0": "cn-shanghai-a",
                            "instance_types.0.availability_zones.1": "cn-shanghai-b",
                            "instance_types.0.availability_zones.2": "cn-shanghai-c",
                            "instance_types.0.burstable_instance.%": "2",
                            "instance_types.0.burstable_instance.baseline_credit": "0",
                            "instance_types.0.burstable_instance.initial_credit": "0",
                            "instance_types.0.cpu_core_count": "1",
                            "instance_types.0.eni_amount": "1",
                            "instance_types.0.family": "ecs.n1",
                            "instance_types.0.gpu.%": "2",
                            "instance_types.0.gpu.amount": "0",
                            "instance_types.0.gpu.category": "",
                            "instance_types.0.id": "ecs.n1.small",
                            "instance_types.0.local_storage.%": "3",
                            "instance_types.0.local_storage.amount": "0",
                            "instance_types.0.local_storage.capacity": "0",
                            "instance_types.0.local_storage.category": "",
                            "instance_types.0.memory_size": "2",
                            "instance_types.1.availability_zones.#": "3",
                            "instance_types.1.availability_zones.0": "cn-shanghai-b",
                            "instance_types.1.availability_zones.1": "cn-shanghai-c",
                            "instance_types.1.availability_zones.2": "cn-shanghai-d",
                            "instance_types.1.burstable_instance.%": "2",
                            "instance_types.1.burstable_instance.baseline_credit": "0",
                            "instance_types.1.burstable_instance.initial_credit": "0",
                            "instance_types.1.cpu_core_count": "1",
                            "instance_types.1.eni_amount": "1",
                            "instance_types.1.family": "ecs.n4",
                            "instance_types.1.gpu.%": "2",
                            "instance_types.1.gpu.amount": "0",
                            "instance_types.1.gpu.category": "",
                            "instance_types.1.id": "ecs.n4.small",
                            "instance_types.1.local_storage.%": "3",
                            "instance_types.1.local_storage.amount": "0",
                            "instance_types.1.local_storage.capacity": "0",
                            "instance_types.1.local_storage.category": "",
                            "instance_types.1.memory_size": "2",
                            "instance_types.2.availability_zones.#": "5",
                            "instance_types.2.availability_zones.0": "cn-shanghai-b",
                            "instance_types.2.availability_zones.1": "cn-shanghai-d",
                            "instance_types.2.availability_zones.2": "cn-shanghai-e",
                            "instance_types.2.availability_zones.3": "cn-shanghai-f",
                            "instance_types.2.availability_zones.4": "cn-shanghai-g",
                            "instance_types.2.burstable_instance.%": "2",
                            "instance_types.2.burstable_instance.baseline_credit": "10",
                            "instance_types.2.burstable_instance.initial_credit": "90",
                            "instance_types.2.cpu_core_count": "1",
                            "instance_types.2.eni_amount": "1",
                            "instance_types.2.family": "ecs.t5",
                            "instance_types.2.gpu.%": "2",
                            "instance_types.2.gpu.amount": "0",
                            "instance_types.2.gpu.category": "",
                            "instance_types.2.id": "ecs.t5-lc1m2.small",
                            "instance_types.2.local_storage.%": "3",
                            "instance_types.2.local_storage.amount": "0",
                            "instance_types.2.local_storage.capacity": "0",
                            "instance_types.2.local_storage.category": "",
                            "instance_types.2.memory_size": "2",
                            "memory_size": "2",
                            "spot_strategy": "NoSpot"
                        },
                        "meta": {},
                        "tainted": false
                    },
                    "deposed": [],
                    "provider": "provider.alicloud"
                },
                "data.alicloud_zones.default": {
                    "type": "alicloud_zones",
                    "depends_on": [
                        "data.alicloud_instance_types.default"
                    ],
                    "primary": {
                        "id": "3781958511",
                        "attributes": {
                            "available_disk_category": "cloud_ssd",
                            "available_instance_type": "ecs.n1.small",
                            "enable_details": "false",
                            "id": "3781958511",
                            "ids.#": "3",
                            "ids.0": "cn-shanghai-a",
                            "ids.1": "cn-shanghai-b",
                            "ids.2": "cn-shanghai-c",
                            "instance_charge_type": "PostPaid",
                            "multi": "false",
                            "spot_strategy": "NoSpot",
                            "zones.#": "3",
                            "zones.0.available_disk_categories.#": "0",
                            "zones.0.available_instance_types.#": "0",
                            "zones.0.available_resource_creation.#": "0",
                            "zones.0.id": "cn-shanghai-a",
                            "zones.0.local_name": "",
                            "zones.0.multi_zone_ids.#": "0",
                            "zones.0.slb_slave_zone_ids.#": "0",
                            "zones.1.available_disk_categories.#": "0",
                            "zones.1.available_instance_types.#": "0",
                            "zones.1.available_resource_creation.#": "0",
                            "zones.1.id": "cn-shanghai-b",
                            "zones.1.local_name": "",
                            "zones.1.multi_zone_ids.#": "0",
                            "zones.1.slb_slave_zone_ids.#": "0",
                            "zones.2.available_disk_categories.#": "0",
                            "zones.2.available_instance_types.#": "0",
                            "zones.2.available_resource_creation.#": "0",
                            "zones.2.id": "cn-shanghai-c",
                            "zones.2.local_name": "",
                            "zones.2.multi_zone_ids.#": "0",
                            "zones.2.slb_slave_zone_ids.#": "0"
                        },
                        "meta": {},
                        "tainted": false
                    },
                    "deposed": [],
                    "provider": "provider.alicloud"
                }
            },
            "depends_on": []
        }
    ]
}
